
Microsoft Visual Studio Solution File, Format Version 12.00
# Visual Studio Version 17
VisualStudioVersion = 17.8.34525.116
MinimumVisualStudioVersion = 10.0.40219.1
Project("{FAE04EC0-301F-11D3-BF4B-00C04F79EFBC}") = "TimerService", "TimerService\TimerService.csproj", "{F8A1A7CA-78D9-4A40-B58D-7B7B96B939AE}"
EndProject
Global
	GlobalSection(SolutionConfigurationPlatforms) = preSolution
		Debug|Any CPU = Debug|Any CPU
		Release|Any CPU = Release|Any CPU
	EndGlobalSection
	GlobalSection(ProjectConfigurationPlatforms) = postSolution
		{F8A1A7CA-78D9-4A40-B58D-7B7B96B939AE}.Debug|Any CPU.ActiveCfg = Debug|Any CPU
		{F8A1A7CA-78D9-4A40-B58D-7B7B96B939AE}.Debug|Any CPU.Build.0 = Debug|Any CPU
		{F8A1A7CA-78D9-4A40-B58D-7B7B96B939AE}.Release|Any CPU.ActiveCfg = Release|Any CPU
		{F8A1A7CA-78D9-4A40-B58D-7B7B96B939AE}.Release|Any CPU.Build.0 = Release|Any CPU
	EndGlobalSection
	GlobalSection(SolutionProperties) = preSolution
		HideSolutionNode = FALSE
	EndGlobalSection
	GlobalSection(ExtensibilityGlobals) = postSolution
		SolutionGuid = {67F50B20-2C20-455D-85CD-FB636ED54DF3}
	EndGlobalSection
EndGlobal
